<?xml version="1.0" encoding="utf-8"?>
<Project ToolsVersion="4.0" xmlns="http://schemas.microsoft.com/developer/msbuild/2003">
  <ItemGroup>
    <Filter Include="Source Files">
      <UniqueIdentifier>{4FC737F1-C7A5-4376-A066-2A32D752A2FF}</UniqueIdentifier>
      <Extensions>cpp;c;cc;cxx;def;odl;idl;hpj;bat;asm;asmx</Extensions>
    </Filter>
    <Filter Include="Header Files">
      <UniqueIdentifier>{93995380-89BD-4b04-88EB-625FBE52EBFB}</UniqueIdentifier>
      <Extensions>h;hh;hpp;hxx;hm;inl;inc;xsd</Extensions>
    </Filter>
    <Filter Include="Resource Files">
      <UniqueIdentifier>{67DA6AB6-F800-4c08-8B7A-83BB121AAD01}</UniqueIdentifier>
      <Extensions>rc;ico;cur;bmp;dlg;rc2;rct;bin;rgs;gif;jpg;jpeg;jpe;resx;tiff;tif;png;wav;mfcribbon-ms</Extensions>
    </Filter>
    <Filter Include="IDD">
      <UniqueIdentifier>{f065c36c-cb1c-4685-b85b-4c8a591bb312}</UniqueIdentifier>
    </Filter>
  </ItemGroup>
  <ItemGroup>
    <Text Include="ReadMe.txt" />
  </ItemGroup>
  <ItemGroup>
    <ClInclude Include="IOSW.h">
      <Filter>Header Files</Filter>
    </ClInclude>
    <ClInclude Include="IOSWDlg.h">
      <Filter>Header Files</Filter>
    </ClInclude>
    <ClInclude Include="stdafx.h">
      <Filter>Header Files</Filter>
    </ClInclude>
    <ClInclude Include="targetver.h">
      <Filter>Header Files</Filter>
    </ClInclude>
    <ClInclude Include="Resource.h">
      <Filter>Header Files</Filter>
    </ClInclude>
    <ClInclude Include="InitFile.h">
      <Filter>Header Files</Filter>
    </ClInclude>
    <ClInclude Include="IOSWThread.h">
      <Filter>Header Files</Filter>
    </ClInclude>
    <ClInclude Include="IOSWEngine.h">
      <Filter>Header Files</Filter>
    </ClInclude>
    <ClInclude Include="HostInterface.h">
      <Filter>Header Files</Filter>
    </ClInclude>
    <ClInclude Include="IOSInterface.h">
      <Filter>Header Files</Filter>
    </ClInclude>
    <ClInclude Include="..\..\IDD\cockpit_enum.h">
      <Filter>IDD</Filter>
    </ClInclude>
    <ClInclude Include="..\..\IDD\cockpit_interface.h">
      <Filter>IDD</Filter>
    </ClInclude>
    <ClInclude Include="..\..\IDD\cockpit2host.h">
      <Filter>IDD</Filter>
    </ClInclude>
    <ClInclude Include="..\..\IDD\host_interface.h">
      <Filter>IDD</Filter>
    </ClInclude>
    <ClInclude Include="..\..\IDD\host2cockpit.h">
      <Filter>IDD</Filter>
    </ClInclude>
    <ClInclude Include="..\..\IDD\SM_Interface.h">
      <Filter>IDD</Filter>
    </ClInclude>
    <ClInclude Include="UDPSocket.h">
      <Filter>Header Files</Filter>
    </ClInclude>
    <ClInclude Include="IOSWDataManager.h">
      <Filter>Header Files</Filter>
    </ClInclude>
    <ClInclude Include="IOSWUtility.h">
      <Filter>Header Files</Filter>
    </ClInclude>
    <ClInclude Include="SystemStatusManager.h">
      <Filter>Header Files</Filter>
    </ClInclude>
    <ClInclude Include="IOSWGUIInterface.h">
      <Filter>Header Files</Filter>
    </ClInclude>
    <ClInclude Include="..\..\IDD\IOSW_Interface.h">
      <Filter>IDD</Filter>
    </ClInclude>
    <ClInclude Include="ANToIOBoardInterface.h">
      <Filter>Header Files</Filter>
    </ClInclude>
    <ClInclude Include="..\..\IDD\IOBoard_Interface.h">
      <Filter>IDD</Filter>
    </ClInclude>
    <ClInclude Include="IOSWThreadObject.h">
      <Filter>Header Files</Filter>
    </ClInclude>
    <ClInclude Include="ThrottleInterface.h">
      <Filter>Header Files</Filter>
    </ClInclude>
    <ClInclude Include="USBHIDIO.h">
      <Filter>Header Files</Filter>
    </ClInclude>
    <ClInclude Include="IOSWLogger.h">
      <Filter>Header Files</Filter>
    </ClInclude>
    <ClInclude Include="IOSWRWLock.h">
      <Filter>Header Files</Filter>
    </ClInclude>
    <ClInclude Include="NexwareIOBoardInterface.h">
      <Filter>Header Files</Filter>
    </ClInclude>
    <ClInclude Include="..\..\IDD\Nexware_Interface.h">
      <Filter>IDD</Filter>
    </ClInclude>
    <ClInclude Include="IOPowerInterface.h">
      <Filter>Header Files</Filter>
    </ClInclude>
  </ItemGroup>
  <ItemGroup>
    <ClCompile Include="IOSW.cpp">
      <Filter>Source Files</Filter>
    </ClCompile>
    <ClCompile Include="IOSWDlg.cpp">
      <Filter>Source Files</Filter>
    </ClCompile>
    <ClCompile Include="stdafx.cpp">
      <Filter>Source Files</Filter>
    </ClCompile>
    <ClCompile Include="InitFile.cpp">
      <Filter>Source Files</Filter>
    </ClCompile>
    <ClCompile Include="IOSWThread.cpp">
      <Filter>Source Files</Filter>
    </ClCompile>
    <ClCompile Include="IOSWEngine.cpp">
      <Filter>Source Files</Filter>
    </ClCompile>
    <ClCompile Include="HostInterface.cpp">
      <Filter>Source Files</Filter>
    </ClCompile>
    <ClCompile Include="IOSInterface.cpp">
      <Filter>Source Files</Filter>
    </ClCompile>
    <ClCompile Include="UDPSocket.cpp">
      <Filter>Source Files</Filter>
    </ClCompile>
    <ClCompile Include="IOSWDataManager.cpp">
      <Filter>Source Files</Filter>
    </ClCompile>
    <ClCompile Include="SystemStatusManager.cpp">
      <Filter>Source Files</Filter>
    </ClCompile>
    <ClCompile Include="IOSWGUIInterface.cpp">
      <Filter>Source Files</Filter>
    </ClCompile>
    <ClCompile Include="ANToIOBoardInterface.cpp">
      <Filter>Source Files</Filter>
    </ClCompile>
    <ClCompile Include="IOSWUtility.cpp">
      <Filter>Source Files</Filter>
    </ClCompile>
    <ClCompile Include="IOSWThreadObject.cpp">
      <Filter>Source Files</Filter>
    </ClCompile>
    <ClCompile Include="ThrottleInterface.cpp">
      <Filter>Source Files</Filter>
    </ClCompile>
    <ClCompile Include="USBHIDIO.cpp">
      <Filter>Source Files</Filter>
    </ClCompile>
    <ClCompile Include="IOSWLogger.cpp">
      <Filter>Source Files</Filter>
    </ClCompile>
    <ClCompile Include="IOSWRWLock.cpp">
      <Filter>Source Files</Filter>
    </ClCompile>
    <ClCompile Include="NexwareIOBoardInterface.cpp">
      <Filter>Source Files</Filter>
    </ClCompile>
    <ClCompile Include="IOPowerInterface.cpp">
      <Filter>Source Files</Filter>
    </ClCompile>
  </ItemGroup>
  <ItemGroup>
    <ResourceCompile Include="IOSW.rc">
      <Filter>Resource Files</Filter>
    </ResourceCompile>
  </ItemGroup>
  <ItemGroup>
    <None Include="res\IOSW.rc2">
      <Filter>Resource Files</Filter>
    </None>
  </ItemGroup>
  <ItemGroup>
    <Image Include="res\IOSW.ico">
      <Filter>Resource Files</Filter>
    </Image>
    <Image Include="res\IOSW2.ico">
      <Filter>Resource Files</Filter>
    </Image>
  </ItemGroup>
</Project>