<?xml version="1.0" encoding="utf-8"?>
<Project ToolsVersion="4.0" xmlns="http://schemas.microsoft.com/developer/msbuild/2003">
  <ItemGroup>
    <Filter Include="Source Files">
      <UniqueIdentifier>{4FC737F1-C7A5-4376-A066-2A32D752A2FF}</UniqueIdentifier>
      <Extensions>cpp;c;cc;cxx;def;odl;idl;hpj;bat;asm;asmx</Extensions>
    </Filter>
    <Filter Include="Header Files">
      <UniqueIdentifier>{93995380-89BD-4b04-88EB-625FBE52EBFB}</UniqueIdentifier>
      <Extensions>h;hh;hpp;hxx;hm;inl;inc;xsd</Extensions>
    </Filter>
    <Filter Include="Resource Files">
      <UniqueIdentifier>{67DA6AB6-F800-4c08-8B7A-83BB121AAD01}</UniqueIdentifier>
      <Extensions>rc;ico;cur;bmp;dlg;rc2;rct;bin;rgs;gif;jpg;jpeg;jpe;resx;tiff;tif;png;wav;mfcribbon-ms</Extensions>
    </Filter>
  </ItemGroup>
  <ItemGroup>
    <Text Include="ReadMe.txt" />
  </ItemGroup>
  <ItemGroup>
    <ClInclude Include="IOSWGUI.h">
      <Filter>Header Files</Filter>
    </ClInclude>
    <ClInclude Include="IOSWGUIDlg.h">
      <Filter>Header Files</Filter>
    </ClInclude>
    <ClInclude Include="stdafx.h">
      <Filter>Header Files</Filter>
    </ClInclude>
    <ClInclude Include="targetver.h">
      <Filter>Header Files</Filter>
    </ClInclude>
    <ClInclude Include="Resource.h">
      <Filter>Header Files</Filter>
    </ClInclude>
    <ClInclude Include="IOSWLoginDlg.h">
      <Filter>Header Files</Filter>
    </ClInclude>
    <ClInclude Include="IOSWWnd.h">
      <Filter>Header Files</Filter>
    </ClInclude>
    <ClInclude Include="IOSWTitle.h">
      <Filter>Header Files</Filter>
    </ClInclude>
    <ClInclude Include="ImageObject.h">
      <Filter>Header Files</Filter>
    </ClInclude>
    <ClInclude Include="IOSWThread.h">
      <Filter>Header Files</Filter>
    </ClInclude>
    <ClInclude Include="IOSWUtilities.h">
      <Filter>Header Files</Filter>
    </ClInclude>
    <ClInclude Include="IOSWSystemStatus.h">
      <Filter>Header Files</Filter>
    </ClInclude>
    <ClInclude Include="IOSWToolbar.h">
      <Filter>Header Files</Filter>
    </ClInclude>
    <ClInclude Include="HeaderCtrlEx.h">
      <Filter>Header Files</Filter>
    </ClInclude>
    <ClInclude Include="ListCtrlEx.h">
      <Filter>Header Files</Filter>
    </ClInclude>
    <ClInclude Include="CommonDefine.h">
      <Filter>Header Files</Filter>
    </ClInclude>
    <ClInclude Include="IOSWInterface.h">
      <Filter>Header Files</Filter>
    </ClInclude>
    <ClInclude Include="UDPSocket.h">
      <Filter>Header Files</Filter>
    </ClInclude>
    <ClInclude Include="IOSWDataManager.h">
      <Filter>Header Files</Filter>
    </ClInclude>
    <ClInclude Include="MemDC.h">
      <Filter>Header Files</Filter>
    </ClInclude>
    <ClInclude Include="InitFile.h">
      <Filter>Header Files</Filter>
    </ClInclude>
    <ClInclude Include="SettingDlg.h">
      <Filter>Header Files</Filter>
    </ClInclude>
    <ClInclude Include="IOInformationManager.h">
      <Filter>Header Files</Filter>
    </ClInclude>
    <ClInclude Include="IODetailDlg.h">
      <Filter>Header Files</Filter>
    </ClInclude>
    <ClInclude Include="DOInputDlg.h">
      <Filter>Header Files</Filter>
    </ClInclude>
    <ClInclude Include="AOInputDlg.h">
      <Filter>Header Files</Filter>
    </ClInclude>
    <ClInclude Include="DimmerInputDlg.h">
      <Filter>Header Files</Filter>
    </ClInclude>
    <ClInclude Include="IOSWLogManager.h">
      <Filter>Header Files</Filter>
    </ClInclude>
    <ClInclude Include="FunctionRudder.h">
      <Filter>Header Files</Filter>
    </ClInclude>
    <ClInclude Include="FunctionStick.h">
      <Filter>Header Files</Filter>
    </ClInclude>
  </ItemGroup>
  <ItemGroup>
    <ClCompile Include="IOSWGUI.cpp">
      <Filter>Source Files</Filter>
    </ClCompile>
    <ClCompile Include="IOSWGUIDlg.cpp">
      <Filter>Source Files</Filter>
    </ClCompile>
    <ClCompile Include="stdafx.cpp">
      <Filter>Source Files</Filter>
    </ClCompile>
    <ClCompile Include="IOSWLoginDlg.cpp">
      <Filter>Source Files</Filter>
    </ClCompile>
    <ClCompile Include="IOSWWnd.cpp">
      <Filter>Source Files</Filter>
    </ClCompile>
    <ClCompile Include="IOSWTitle.cpp">
      <Filter>Source Files</Filter>
    </ClCompile>
    <ClCompile Include="ImageObject.cpp">
      <Filter>Source Files</Filter>
    </ClCompile>
    <ClCompile Include="IOSWThread.cpp">
      <Filter>Source Files</Filter>
    </ClCompile>
    <ClCompile Include="IOSWUtilities.cpp">
      <Filter>Source Files</Filter>
    </ClCompile>
    <ClCompile Include="IOSWSystemStatus.cpp">
      <Filter>Source Files</Filter>
    </ClCompile>
    <ClCompile Include="IOSWToolbar.cpp">
      <Filter>Source Files</Filter>
    </ClCompile>
    <ClCompile Include="HeaderCtrlEx.cpp">
      <Filter>Source Files</Filter>
    </ClCompile>
    <ClCompile Include="ListCtrlEx.cpp">
      <Filter>Source Files</Filter>
    </ClCompile>
    <ClCompile Include="IOSWInterface.cpp">
      <Filter>Source Files</Filter>
    </ClCompile>
    <ClCompile Include="UDPSocket.cpp">
      <Filter>Source Files</Filter>
    </ClCompile>
    <ClCompile Include="IOSWDataManager.cpp">
      <Filter>Source Files</Filter>
    </ClCompile>
    <ClCompile Include="InitFile.cpp">
      <Filter>Source Files</Filter>
    </ClCompile>
    <ClCompile Include="SettingDlg.cpp">
      <Filter>Source Files</Filter>
    </ClCompile>
    <ClCompile Include="IOInformationManager.cpp">
      <Filter>Source Files</Filter>
    </ClCompile>
    <ClCompile Include="IODetailDlg.cpp">
      <Filter>Source Files</Filter>
    </ClCompile>
    <ClCompile Include="DOInputDlg.cpp">
      <Filter>Source Files</Filter>
    </ClCompile>
    <ClCompile Include="AOInputDlg.cpp">
      <Filter>Source Files</Filter>
    </ClCompile>
    <ClCompile Include="DimmerInputDlg.cpp">
      <Filter>Source Files</Filter>
    </ClCompile>
    <ClCompile Include="IOSWLogManager.cpp">
      <Filter>Source Files</Filter>
    </ClCompile>
    <ClCompile Include="FunctionRudder.cpp">
      <Filter>Source Files</Filter>
    </ClCompile>
    <ClCompile Include="FunctionStick.cpp">
      <Filter>Source Files</Filter>
    </ClCompile>
  </ItemGroup>
  <ItemGroup>
    <ResourceCompile Include="IOSWGUI.rc">
      <Filter>Resource Files</Filter>
    </ResourceCompile>
  </ItemGroup>
  <ItemGroup>
    <None Include="res\IOSWGUI.rc2">
      <Filter>Resource Files</Filter>
    </None>
  </ItemGroup>
  <ItemGroup>
    <Image Include="res\IOSWGUI.ico">
      <Filter>Resource Files</Filter>
    </Image>
    <Image Include="res\LOGIN_BG.bmp">
      <Filter>Resource Files</Filter>
    </Image>
    <Image Include="res\MainDlgBg.bmp">
      <Filter>Resource Files</Filter>
    </Image>
    <Image Include="res\SubDlgBg.bmp">
      <Filter>Resource Files</Filter>
    </Image>
    <Image Include="res\DOInputDlgBg.bmp">
      <Filter>Resource Files</Filter>
    </Image>
    <Image Include="res\AOInputDlgBg.bmp">
      <Filter>Resource Files</Filter>
    </Image>
    <Image Include="res\DimmerInputDlgBg.bmp">
      <Filter>Resource Files</Filter>
    </Image>
    <Image Include="res\bitmap2.bmp">
      <Filter>Resource Files</Filter>
    </Image>
    <Image Include="res\RudderFuncDlgBG.bmp">
      <Filter>Resource Files</Filter>
    </Image>
    <Image Include="res\StickFuncDlgBG.bmp">
      <Filter>Resource Files</Filter>
    </Image>
    <Image Include="res\IOSWGUI2.ico">
      <Filter>Resource Files</Filter>
    </Image>
  </ItemGroup>
</Project>